
Microsoft Visual Studio Solution File, Format Version 12.00
# Visual Studio Version 17
VisualStudioVersion = 17.3.32819.101
MinimumVisualStudioVersion = 10.0.40219.1
Project("{FAE04EC0-301F-11D3-BF4B-00C04F79EFBC}") = "Uppgift5_5", "Uppgift5_5\Uppgift5_5.csproj", "{397879A6-8308-4B53-93D6-E49A3B26B4AD}"
EndProject
Global
	GlobalSection(SolutionConfigurationPlatforms) = preSolution
		Debug|Any CPU = Debug|Any CPU
		Release|Any CPU = Release|Any CPU
	EndGlobalSection
	GlobalSection(ProjectConfigurationPlatforms) = postSolution
		{397879A6-8308-4B53-93D6-E49A3B26B4AD}.Debug|Any CPU.ActiveCfg = Debug|Any CPU
		{397879A6-8308-4B53-93D6-E49A3B26B4AD}.Debug|Any CPU.Build.0 = Debug|Any CPU
		{397879A6-8308-4B53-93D6-E49A3B26B4AD}.Release|Any CPU.ActiveCfg = Release|Any CPU
		{397879A6-8308-4B53-93D6-E49A3B26B4AD}.Release|Any CPU.Build.0 = Release|Any CPU
	EndGlobalSection
	GlobalSection(SolutionProperties) = preSolution
		HideSolutionNode = FALSE
	EndGlobalSection
	GlobalSection(ExtensibilityGlobals) = postSolution
		SolutionGuid = {C0400F00-C812-4421-8EBC-FB011796ACCC}
	EndGlobalSection
EndGlobal
